
Microsoft Visual Studio Solution File, Format Version 12.00
# Visual Studio Version 17
VisualStudioVersion = 17.13.35818.85 d17.13
MinimumVisualStudioVersion = 10.0.40219.1
Project("{FAE04EC0-301F-11D3-BF4B-00C04F79EFBC}") = "tpmodul7_2211104026", "tpmodul7_2211104026\tpmodul7_2211104026.csproj", "{FBFAC8A7-0105-49C5-8C6E-485847999599}"
EndProject
Global
	GlobalSection(SolutionConfigurationPlatforms) = preSolution
		Debug|Any CPU = Debug|Any CPU
		Release|Any CPU = Release|Any CPU
	EndGlobalSection
	GlobalSection(ProjectConfigurationPlatforms) = postSolution
		{FBFAC8A7-0105-49C5-8C6E-485847999599}.Debug|Any CPU.ActiveCfg = Debug|Any CPU
		{FBFAC8A7-0105-49C5-8C6E-485847999599}.Debug|Any CPU.Build.0 = Debug|Any CPU
		{FBFAC8A7-0105-49C5-8C6E-485847999599}.Release|Any CPU.ActiveCfg = Release|Any CPU
		{FBFAC8A7-0105-49C5-8C6E-485847999599}.Release|Any CPU.Build.0 = Release|Any CPU
	EndGlobalSection
	GlobalSection(SolutionProperties) = preSolution
		HideSolutionNode = FALSE
	EndGlobalSection
	GlobalSection(ExtensibilityGlobals) = postSolution
		SolutionGuid = {4DD08C45-329D-4A38-8505-657BB56A5ED4}
	EndGlobalSection
EndGlobal
